
Microsoft Visual Studio Solution File, Format Version 12.00
# Visual Studio 15
VisualStudioVersion = 15.0.26403.7
MinimumVisualStudioVersion = 10.0.40219.1
Project("{FAE04EC0-301F-11D3-BF4B-00C04F79EFBC}") = "MVIZadanie1", "MVIZadanie1\MVIZadanie1\MVIZadanie1.csproj", "{947BBC45-2F54-4AF2-B3F6-89ABFE85CA05}"
EndProject
Project("{FAE04EC0-301F-11D3-BF4B-00C04F79EFBC}") = "MVIZadanie1.Droid", "MVIZadanie1\MVIZadanie1.Droid\MVIZadanie1.Droid.csproj", "{2AC74395-855E-4F4E-AC8D-4E23F6022FF7}"
EndProject
Project("{FAE04EC0-301F-11D3-BF4B-00C04F79EFBC}") = "MVIZadanie1.iOS", "MVIZadanie1\MVIZadanie1.iOS\MVIZadanie1.iOS.csproj", "{C4F7967A-739A-4404-A1C4-728E943B0D37}"
EndProject
Project("{FAE04EC0-301F-11D3-BF4B-00C04F79EFBC}") = "MVIZadanie1.WinPhone", "MVIZadanie1\MVIZadanie1.WinPhone\MVIZadanie1.WinPhone.csproj", "{67022D99-D1C3-4C74-A0C2-52C9CFFA8B6D}"
EndProject
Project("{FAE04EC0-301F-11D3-BF4B-00C04F79EFBC}") = "MVIZadanie1.UWP", "MVIZadanie1\MVIZadanie1.UWP\MVIZadanie1.UWP.csproj", "{FBF07FF9-4E65-45E3-B88A-DDC803F6D7DC}"
EndProject
Project("{FAE04EC0-301F-11D3-BF4B-00C04F79EFBC}") = "MVIZadanie1.Windows", "MVIZadanie1\MVIZadanie1.Windows\MVIZadanie1.Windows.csproj", "{4912239C-D774-48FF-92A2-A748D35DBA7B}"
EndProject
Global
	GlobalSection(SolutionConfigurationPlatforms) = preSolution
		Ad-Hoc|Any CPU = Ad-Hoc|Any CPU
		Ad-Hoc|ARM = Ad-Hoc|ARM
		Ad-Hoc|iPhone = Ad-Hoc|iPhone
		Ad-Hoc|iPhoneSimulator = Ad-Hoc|iPhoneSimulator
		Ad-Hoc|x64 = Ad-Hoc|x64
		Ad-Hoc|x86 = Ad-Hoc|x86
		AppStore|Any CPU = AppStore|Any CPU
		AppStore|ARM = AppStore|ARM
		AppStore|iPhone = AppStore|iPhone
		AppStore|iPhoneSimulator = AppStore|iPhoneSimulator
		AppStore|x64 = AppStore|x64
		AppStore|x86 = AppStore|x86
		Debug|Any CPU = Debug|Any CPU
		Debug|ARM = Debug|ARM
		Debug|iPhone = Debug|iPhone
		Debug|iPhoneSimulator = Debug|iPhoneSimulator
		Debug|x64 = Debug|x64
		Debug|x86 = Debug|x86
		Release|Any CPU = Release|Any CPU
		Release|ARM = Release|ARM
		Release|iPhone = Release|iPhone
		Release|iPhoneSimulator = Release|iPhoneSimulator
		Release|x64 = Release|x64
		Release|x86 = Release|x86
	EndGlobalSection
	GlobalSection(ProjectConfigurationPlatforms) = postSolution
		{947BBC45-2F54-4AF2-B3F6-89ABFE85CA05}.Ad-Hoc|Any CPU.ActiveCfg = Release|Any CPU
		{947BBC45-2F54-4AF2-B3F6-89ABFE85CA05}.Ad-Hoc|Any CPU.Build.0 = Release|Any CPU
		{947BBC45-2F54-4AF2-B3F6-89ABFE85CA05}.Ad-Hoc|ARM.ActiveCfg = Release|Any CPU
		{947BBC45-2F54-4AF2-B3F6-89ABFE85CA05}.Ad-Hoc|ARM.Build.0 = Release|Any CPU
		{947BBC45-2F54-4AF2-B3F6-89ABFE85CA05}.Ad-Hoc|iPhone.ActiveCfg = Release|Any CPU
		{947BBC45-2F54-4AF2-B3F6-89ABFE85CA05}.Ad-Hoc|iPhone.Build.0 = Release|Any CPU
		{947BBC45-2F54-4AF2-B3F6-89ABFE85CA05}.Ad-Hoc|iPhoneSimulator.ActiveCfg = Release|Any CPU
		{947BBC45-2F54-4AF2-B3F6-89ABFE85CA05}.Ad-Hoc|iPhoneSimulator.Build.0 = Release|Any CPU
		{947BBC45-2F54-4AF2-B3F6-89ABFE85CA05}.Ad-Hoc|x64.ActiveCfg = Release|Any CPU
		{947BBC45-2F54-4AF2-B3F6-89ABFE85CA05}.Ad-Hoc|x64.Build.0 = Release|Any CPU
		{947BBC45-2F54-4AF2-B3F6-89ABFE85CA05}.Ad-Hoc|x86.ActiveCfg = Release|Any CPU
		{947BBC45-2F54-4AF2-B3F6-89ABFE85CA05}.Ad-Hoc|x86.Build.0 = Release|Any CPU
		{947BBC45-2F54-4AF2-B3F6-89ABFE85CA05}.AppStore|Any CPU.ActiveCfg = Release|Any CPU
		{947BBC45-2F54-4AF2-B3F6-89ABFE85CA05}.AppStore|Any CPU.Build.0 = Release|Any CPU
		{947BBC45-2F54-4AF2-B3F6-89ABFE85CA05}.AppStore|ARM.ActiveCfg = Release|Any CPU
		{947BBC45-2F54-4AF2-B3F6-89ABFE85CA05}.AppStore|ARM.Build.0 = Release|Any CPU
		{947BBC45-2F54-4AF2-B3F6-89ABFE85CA05}.AppStore|iPhone.ActiveCfg = Release|Any CPU
		{947BBC45-2F54-4AF2-B3F6-89ABFE85CA05}.AppStore|iPhone.Build.0 = Release|Any CPU
		{947BBC45-2F54-4AF2-B3F6-89ABFE85CA05}.AppStore|iPhoneSimulator.ActiveCfg = Release|Any CPU
		{947BBC45-2F54-4AF2-B3F6-89ABFE85CA05}.AppStore|iPhoneSimulator.Build.0 = Release|Any CPU
		{947BBC45-2F54-4AF2-B3F6-89ABFE85CA05}.AppStore|x64.ActiveCfg = Release|Any CPU
		{947BBC45-2F54-4AF2-B3F6-89ABFE85CA05}.AppStore|x64.Build.0 = Release|Any CPU
		{947BBC45-2F54-4AF2-B3F6-89ABFE85CA05}.AppStore|x86.ActiveCfg = Release|Any CPU
		{947BBC45-2F54-4AF2-B3F6-89ABFE85CA05}.AppStore|x86.Build.0 = Release|Any CPU
		{947BBC45-2F54-4AF2-B3F6-89ABFE85CA05}.Debug|Any CPU.ActiveCfg = Debug|Any CPU
		{947BBC45-2F54-4AF2-B3F6-89ABFE85CA05}.Debug|Any CPU.Build.0 = Debug|Any CPU
		{947BBC45-2F54-4AF2-B3F6-89ABFE85CA05}.Debug|ARM.ActiveCfg = Debug|Any CPU
		{947BBC45-2F54-4AF2-B3F6-89ABFE85CA05}.Debug|ARM.Build.0 = Debug|Any CPU
		{947BBC45-2F54-4AF2-B3F6-89ABFE85CA05}.Debug|iPhone.ActiveCfg = Debug|Any CPU
		{947BBC45-2F54-4AF2-B3F6-89ABFE85CA05}.Debug|iPhone.Build.0 = Debug|Any CPU
		{947BBC45-2F54-4AF2-B3F6-89ABFE85CA05}.Debug|iPhoneSimulator.ActiveCfg = Debug|Any CPU
		{947BBC45-2F54-4AF2-B3F6-89ABFE85CA05}.Debug|iPhoneSimulator.Build.0 = Debug|Any CPU
		{947BBC45-2F54-4AF2-B3F6-89ABFE85CA05}.Debug|x64.ActiveCfg = Debug|Any CPU
		{947BBC45-2F54-4AF2-B3F6-89ABFE85CA05}.Debug|x64.Build.0 = Debug|Any CPU
		{947BBC45-2F54-4AF2-B3F6-89ABFE85CA05}.Debug|x86.ActiveCfg = Debug|Any CPU
		{947BBC45-2F54-4AF2-B3F6-89ABFE85CA05}.Debug|x86.Build.0 = Debug|Any CPU
		{947BBC45-2F54-4AF2-B3F6-89ABFE85CA05}.Release|Any CPU.ActiveCfg = Release|Any CPU
		{947BBC45-2F54-4AF2-B3F6-89ABFE85CA05}.Release|Any CPU.Build.0 = Release|Any CPU
		{947BBC45-2F54-4AF2-B3F6-89ABFE85CA05}.Release|ARM.ActiveCfg = Release|Any CPU
		{947BBC45-2F54-4AF2-B3F6-89ABFE85CA05}.Release|ARM.Build.0 = Release|Any CPU
		{947BBC45-2F54-4AF2-B3F6-89ABFE85CA05}.Release|iPhone.ActiveCfg = Release|Any CPU
		{947BBC45-2F54-4AF2-B3F6-89ABFE85CA05}.Release|iPhone.Build.0 = Release|Any CPU
		{947BBC45-2F54-4AF2-B3F6-89ABFE85CA05}.Release|iPhoneSimulator.ActiveCfg = Release|Any CPU
		{947BBC45-2F54-4AF2-B3F6-89ABFE85CA05}.Release|iPhoneSimulator.Build.0 = Release|Any CPU
		{947BBC45-2F54-4AF2-B3F6-89ABFE85CA05}.Release|x64.ActiveCfg = Release|Any CPU
		{947BBC45-2F54-4AF2-B3F6-89ABFE85CA05}.Release|x64.Build.0 = Release|Any CPU
		{947BBC45-2F54-4AF2-B3F6-89ABFE85CA05}.Release|x86.ActiveCfg = Release|Any CPU
		{947BBC45-2F54-4AF2-B3F6-89ABFE85CA05}.Release|x86.Build.0 = Release|Any CPU
		{2AC74395-855E-4F4E-AC8D-4E23F6022FF7}.Ad-Hoc|Any CPU.ActiveCfg = Release|Any CPU
		{2AC74395-855E-4F4E-AC8D-4E23F6022FF7}.Ad-Hoc|Any CPU.Build.0 = Release|Any CPU
		{2AC74395-855E-4F4E-AC8D-4E23F6022FF7}.Ad-Hoc|Any CPU.Deploy.0 = Release|Any CPU
		{2AC74395-855E-4F4E-AC8D-4E23F6022FF7}.Ad-Hoc|ARM.ActiveCfg = Release|Any CPU
		{2AC74395-855E-4F4E-AC8D-4E23F6022FF7}.Ad-Hoc|ARM.Build.0 = Release|Any CPU
		{2AC74395-855E-4F4E-AC8D-4E23F6022FF7}.Ad-Hoc|ARM.Deploy.0 = Release|Any CPU
		{2AC74395-855E-4F4E-AC8D-4E23F6022FF7}.Ad-Hoc|iPhone.ActiveCfg = Release|Any CPU
		{2AC74395-855E-4F4E-AC8D-4E23F6022FF7}.Ad-Hoc|iPhone.Build.0 = Release|Any CPU
		{2AC74395-855E-4F4E-AC8D-4E23F6022FF7}.Ad-Hoc|iPhone.Deploy.0 = Release|Any CPU
		{2AC74395-855E-4F4E-AC8D-4E23F6022FF7}.Ad-Hoc|iPhoneSimulator.ActiveCfg = Release|Any CPU
		{2AC74395-855E-4F4E-AC8D-4E23F6022FF7}.Ad-Hoc|iPhoneSimulator.Build.0 = Release|Any CPU
		{2AC74395-855E-4F4E-AC8D-4E23F6022FF7}.Ad-Hoc|iPhoneSimulator.Deploy.0 = Release|Any CPU
		{2AC74395-855E-4F4E-AC8D-4E23F6022FF7}.Ad-Hoc|x64.ActiveCfg = Release|Any CPU
		{2AC74395-855E-4F4E-AC8D-4E23F6022FF7}.Ad-Hoc|x64.Build.0 = Release|Any CPU
		{2AC74395-855E-4F4E-AC8D-4E23F6022FF7}.Ad-Hoc|x64.Deploy.0 = Release|Any CPU
		{2AC74395-855E-4F4E-AC8D-4E23F6022FF7}.Ad-Hoc|x86.ActiveCfg = Release|Any CPU
		{2AC74395-855E-4F4E-AC8D-4E23F6022FF7}.Ad-Hoc|x86.Build.0 = Release|Any CPU
		{2AC74395-855E-4F4E-AC8D-4E23F6022FF7}.Ad-Hoc|x86.Deploy.0 = Release|Any CPU
		{2AC74395-855E-4F4E-AC8D-4E23F6022FF7}.AppStore|Any CPU.ActiveCfg = Release|Any CPU
		{2AC74395-855E-4F4E-AC8D-4E23F6022FF7}.AppStore|Any CPU.Build.0 = Release|Any CPU
		{2AC74395-855E-4F4E-AC8D-4E23F6022FF7}.AppStore|Any CPU.Deploy.0 = Release|Any CPU
		{2AC74395-855E-4F4E-AC8D-4E23F6022FF7}.AppStore|ARM.ActiveCfg = Release|Any CPU
		{2AC74395-855E-4F4E-AC8D-4E23F6022FF7}.AppStore|ARM.Build.0 = Release|Any CPU
		{2AC74395-855E-4F4E-AC8D-4E23F6022FF7}.AppStore|ARM.Deploy.0 = Release|Any CPU
		{2AC74395-855E-4F4E-AC8D-4E23F6022FF7}.AppStore|iPhone.ActiveCfg = Release|Any CPU
		{2AC74395-855E-4F4E-AC8D-4E23F6022FF7}.AppStore|iPhone.Build.0 = Release|Any CPU
		{2AC74395-855E-4F4E-AC8D-4E23F6022FF7}.AppStore|iPhone.Deploy.0 = Release|Any CPU
		{2AC74395-855E-4F4E-AC8D-4E23F6022FF7}.AppStore|iPhoneSimulator.ActiveCfg = Release|Any CPU
		{2AC74395-855E-4F4E-AC8D-4E23F6022FF7}.AppStore|iPhoneSimulator.Build.0 = Release|Any CPU
		{2AC74395-855E-4F4E-AC8D-4E23F6022FF7}.AppStore|iPhoneSimulator.Deploy.0 = Release|Any CPU
		{2AC74395-855E-4F4E-AC8D-4E23F6022FF7}.AppStore|x64.ActiveCfg = Release|Any CPU
		{2AC74395-855E-4F4E-AC8D-4E23F6022FF7}.AppStore|x64.Build.0 = Release|Any CPU
		{2AC74395-855E-4F4E-AC8D-4E23F6022FF7}.AppStore|x64.Deploy.0 = Release|Any CPU
		{2AC74395-855E-4F4E-AC8D-4E23F6022FF7}.AppStore|x86.ActiveCfg = Release|Any CPU
		{2AC74395-855E-4F4E-AC8D-4E23F6022FF7}.AppStore|x86.Build.0 = Release|Any CPU
		{2AC74395-855E-4F4E-AC8D-4E23F6022FF7}.AppStore|x86.Deploy.0 = Release|Any CPU
		{2AC74395-855E-4F4E-AC8D-4E23F6022FF7}.Debug|Any CPU.ActiveCfg = Debug|Any CPU
		{2AC74395-855E-4F4E-AC8D-4E23F6022FF7}.Debug|Any CPU.Build.0 = Debug|Any CPU
		{2AC74395-855E-4F4E-AC8D-4E23F6022FF7}.Debug|Any CPU.Deploy.0 = Debug|Any CPU
		{2AC74395-855E-4F4E-AC8D-4E23F6022FF7}.Debug|ARM.ActiveCfg = Debug|Any CPU
		{2AC74395-855E-4F4E-AC8D-4E23F6022FF7}.Debug|ARM.Build.0 = Debug|Any CPU
		{2AC74395-855E-4F4E-AC8D-4E23F6022FF7}.Debug|ARM.Deploy.0 = Debug|Any CPU
		{2AC74395-855E-4F4E-AC8D-4E23F6022FF7}.Debug|iPhone.ActiveCfg = Debug|Any CPU
		{2AC74395-855E-4F4E-AC8D-4E23F6022FF7}.Debug|iPhone.Build.0 = Debug|Any CPU
		{2AC74395-855E-4F4E-AC8D-4E23F6022FF7}.Debug|iPhone.Deploy.0 = Debug|Any CPU
		{2AC74395-855E-4F4E-AC8D-4E23F6022FF7}.Debug|iPhoneSimulator.ActiveCfg = Debug|Any CPU
		{2AC74395-855E-4F4E-AC8D-4E23F6022FF7}.Debug|iPhoneSimulator.Build.0 = Debug|Any CPU
		{2AC74395-855E-4F4E-AC8D-4E23F6022FF7}.Debug|iPhoneSimulator.Deploy.0 = Debug|Any CPU
		{2AC74395-855E-4F4E-AC8D-4E23F6022FF7}.Debug|x64.ActiveCfg = Debug|Any CPU
		{2AC74395-855E-4F4E-AC8D-4E23F6022FF7}.Debug|x64.Build.0 = Debug|Any CPU
		{2AC74395-855E-4F4E-AC8D-4E23F6022FF7}.Debug|x64.Deploy.0 = Debug|Any CPU
		{2AC74395-855E-4F4E-AC8D-4E23F6022FF7}.Debug|x86.ActiveCfg = Debug|Any CPU
		{2AC74395-855E-4F4E-AC8D-4E23F6022FF7}.Debug|x86.Build.0 = Debug|Any CPU
		{2AC74395-855E-4F4E-AC8D-4E23F6022FF7}.Debug|x86.Deploy.0 = Debug|Any CPU
		{2AC74395-855E-4F4E-AC8D-4E23F6022FF7}.Release|Any CPU.ActiveCfg = Release|Any CPU
		{2AC74395-855E-4F4E-AC8D-4E23F6022FF7}.Release|Any CPU.Build.0 = Release|Any CPU
		{2AC74395-855E-4F4E-AC8D-4E23F6022FF7}.Release|Any CPU.Deploy.0 = Release|Any CPU
		{2AC74395-855E-4F4E-AC8D-4E23F6022FF7}.Release|ARM.ActiveCfg = Release|Any CPU
		{2AC74395-855E-4F4E-AC8D-4E23F6022FF7}.Release|ARM.Build.0 = Release|Any CPU
		{2AC74395-855E-4F4E-AC8D-4E23F6022FF7}.Release|ARM.Deploy.0 = Release|Any CPU
		{2AC74395-855E-4F4E-AC8D-4E23F6022FF7}.Release|iPhone.ActiveCfg = Release|Any CPU
		{2AC74395-855E-4F4E-AC8D-4E23F6022FF7}.Release|iPhone.Build.0 = Release|Any CPU
		{2AC74395-855E-4F4E-AC8D-4E23F6022FF7}.Release|iPhone.Deploy.0 = Release|Any CPU
		{2AC74395-855E-4F4E-AC8D-4E23F6022FF7}.Release|iPhoneSimulator.ActiveCfg = Release|Any CPU
		{2AC74395-855E-4F4E-AC8D-4E23F6022FF7}.Release|iPhoneSimulator.Build.0 = Release|Any CPU
		{2AC74395-855E-4F4E-AC8D-4E23F6022FF7}.Release|iPhoneSimulator.Deploy.0 = Release|Any CPU
		{2AC74395-855E-4F4E-AC8D-4E23F6022FF7}.Release|x64.ActiveCfg = Release|Any CPU
		{2AC74395-855E-4F4E-AC8D-4E23F6022FF7}.Release|x64.Build.0 = Release|Any CPU
		{2AC74395-855E-4F4E-AC8D-4E23F6022FF7}.Release|x64.Deploy.0 = Release|Any CPU
		{2AC74395-855E-4F4E-AC8D-4E23F6022FF7}.Release|x86.ActiveCfg = Release|Any CPU
		{2AC74395-855E-4F4E-AC8D-4E23F6022FF7}.Release|x86.Build.0 = Release|Any CPU
		{2AC74395-855E-4F4E-AC8D-4E23F6022FF7}.Release|x86.Deploy.0 = Release|Any CPU
		{C4F7967A-739A-4404-A1C4-728E943B0D37}.Ad-Hoc|Any CPU.ActiveCfg = Ad-Hoc|iPhone
		{C4F7967A-739A-4404-A1C4-728E943B0D37}.Ad-Hoc|ARM.ActiveCfg = Ad-Hoc|iPhone
		{C4F7967A-739A-4404-A1C4-728E943B0D37}.Ad-Hoc|iPhone.ActiveCfg = Ad-Hoc|iPhone
		{C4F7967A-739A-4404-A1C4-728E943B0D37}.Ad-Hoc|iPhone.Build.0 = Ad-Hoc|iPhone
		{C4F7967A-739A-4404-A1C4-728E943B0D37}.Ad-Hoc|iPhoneSimulator.ActiveCfg = Ad-Hoc|iPhoneSimulator
		{C4F7967A-739A-4404-A1C4-728E943B0D37}.Ad-Hoc|iPhoneSimulator.Build.0 = Ad-Hoc|iPhoneSimulator
		{C4F7967A-739A-4404-A1C4-728E943B0D37}.Ad-Hoc|x64.ActiveCfg = Ad-Hoc|iPhone
		{C4F7967A-739A-4404-A1C4-728E943B0D37}.Ad-Hoc|x86.ActiveCfg = Ad-Hoc|iPhone
		{C4F7967A-739A-4404-A1C4-728E943B0D37}.AppStore|Any CPU.ActiveCfg = AppStore|iPhone
		{C4F7967A-739A-4404-A1C4-728E943B0D37}.AppStore|ARM.ActiveCfg = AppStore|iPhone
		{C4F7967A-739A-4404-A1C4-728E943B0D37}.AppStore|iPhone.ActiveCfg = AppStore|iPhone
		{C4F7967A-739A-4404-A1C4-728E943B0D37}.AppStore|iPhone.Build.0 = AppStore|iPhone
		{C4F7967A-739A-4404-A1C4-728E943B0D37}.AppStore|iPhoneSimulator.ActiveCfg = AppStore|iPhoneSimulator
		{C4F7967A-739A-4404-A1C4-728E943B0D37}.AppStore|iPhoneSimulator.Build.0 = AppStore|iPhoneSimulator
		{C4F7967A-739A-4404-A1C4-728E943B0D37}.AppStore|x64.ActiveCfg = AppStore|iPhone
		{C4F7967A-739A-4404-A1C4-728E943B0D37}.AppStore|x86.ActiveCfg = AppStore|iPhone
		{C4F7967A-739A-4404-A1C4-728E943B0D37}.Debug|Any CPU.ActiveCfg = Debug|iPhone
		{C4F7967A-739A-4404-A1C4-728E943B0D37}.Debug|ARM.ActiveCfg = Debug|iPhone
		{C4F7967A-739A-4404-A1C4-728E943B0D37}.Debug|iPhone.ActiveCfg = Debug|iPhone
		{C4F7967A-739A-4404-A1C4-728E943B0D37}.Debug|iPhone.Build.0 = Debug|iPhone
		{C4F7967A-739A-4404-A1C4-728E943B0D37}.Debug|iPhoneSimulator.ActiveCfg = Debug|iPhoneSimulator
		{C4F7967A-739A-4404-A1C4-728E943B0D37}.Debug|iPhoneSimulator.Build.0 = Debug|iPhoneSimulator
		{C4F7967A-739A-4404-A1C4-728E943B0D37}.Debug|x64.ActiveCfg = Debug|iPhone
		{C4F7967A-739A-4404-A1C4-728E943B0D37}.Debug|x86.ActiveCfg = Debug|iPhone
		{C4F7967A-739A-4404-A1C4-728E943B0D37}.Release|Any CPU.ActiveCfg = Release|iPhone
		{C4F7967A-739A-4404-A1C4-728E943B0D37}.Release|ARM.ActiveCfg = Release|iPhone
		{C4F7967A-739A-4404-A1C4-728E943B0D37}.Release|iPhone.ActiveCfg = Release|iPhone
		{C4F7967A-739A-4404-A1C4-728E943B0D37}.Release|iPhone.Build.0 = Release|iPhone
		{C4F7967A-739A-4404-A1C4-728E943B0D37}.Release|iPhoneSimulator.ActiveCfg = Release|iPhoneSimulator
		{C4F7967A-739A-4404-A1C4-728E943B0D37}.Release|iPhoneSimulator.Build.0 = Release|iPhoneSimulator
		{C4F7967A-739A-4404-A1C4-728E943B0D37}.Release|x64.ActiveCfg = Release|iPhone
		{C4F7967A-739A-4404-A1C4-728E943B0D37}.Release|x86.ActiveCfg = Release|iPhone
		{67022D99-D1C3-4C74-A0C2-52C9CFFA8B6D}.Ad-Hoc|Any CPU.ActiveCfg = Release|Any CPU
		{67022D99-D1C3-4C74-A0C2-52C9CFFA8B6D}.Ad-Hoc|Any CPU.Build.0 = Release|Any CPU
		{67022D99-D1C3-4C74-A0C2-52C9CFFA8B6D}.Ad-Hoc|Any CPU.Deploy.0 = Release|Any CPU
		{67022D99-D1C3-4C74-A0C2-52C9CFFA8B6D}.Ad-Hoc|ARM.ActiveCfg = Release|ARM
		{67022D99-D1C3-4C74-A0C2-52C9CFFA8B6D}.Ad-Hoc|ARM.Build.0 = Release|ARM
		{67022D99-D1C3-4C74-A0C2-52C9CFFA8B6D}.Ad-Hoc|ARM.Deploy.0 = Release|ARM
		{67022D99-D1C3-4C74-A0C2-52C9CFFA8B6D}.Ad-Hoc|iPhone.ActiveCfg = Release|Any CPU
		{67022D99-D1C3-4C74-A0C2-52C9CFFA8B6D}.Ad-Hoc|iPhone.Build.0 = Release|Any CPU
		{67022D99-D1C3-4C74-A0C2-52C9CFFA8B6D}.Ad-Hoc|iPhone.Deploy.0 = Release|Any CPU
		{67022D99-D1C3-4C74-A0C2-52C9CFFA8B6D}.Ad-Hoc|iPhoneSimulator.ActiveCfg = Release|Any CPU
		{67022D99-D1C3-4C74-A0C2-52C9CFFA8B6D}.Ad-Hoc|iPhoneSimulator.Build.0 = Release|Any CPU
		{67022D99-D1C3-4C74-A0C2-52C9CFFA8B6D}.Ad-Hoc|iPhoneSimulator.Deploy.0 = Release|Any CPU
		{67022D99-D1C3-4C74-A0C2-52C9CFFA8B6D}.Ad-Hoc|x64.ActiveCfg = Release|Any CPU
		{67022D99-D1C3-4C74-A0C2-52C9CFFA8B6D}.Ad-Hoc|x64.Build.0 = Release|Any CPU
		{67022D99-D1C3-4C74-A0C2-52C9CFFA8B6D}.Ad-Hoc|x64.Deploy.0 = Release|Any CPU
		{67022D99-D1C3-4C74-A0C2-52C9CFFA8B6D}.Ad-Hoc|x86.ActiveCfg = Release|x86
		{67022D99-D1C3-4C74-A0C2-52C9CFFA8B6D}.Ad-Hoc|x86.Build.0 = Release|x86
		{67022D99-D1C3-4C74-A0C2-52C9CFFA8B6D}.Ad-Hoc|x86.Deploy.0 = Release|x86
		{67022D99-D1C3-4C74-A0C2-52C9CFFA8B6D}.AppStore|Any CPU.ActiveCfg = Release|Any CPU
		{67022D99-D1C3-4C74-A0C2-52C9CFFA8B6D}.AppStore|Any CPU.Build.0 = Release|Any CPU
		{67022D99-D1C3-4C74-A0C2-52C9CFFA8B6D}.AppStore|Any CPU.Deploy.0 = Release|Any CPU
		{67022D99-D1C3-4C74-A0C2-52C9CFFA8B6D}.AppStore|ARM.ActiveCfg = Release|ARM
		{67022D99-D1C3-4C74-A0C2-52C9CFFA8B6D}.AppStore|ARM.Build.0 = Release|ARM
		{67022D99-D1C3-4C74-A0C2-52C9CFFA8B6D}.AppStore|ARM.Deploy.0 = Release|ARM
		{67022D99-D1C3-4C74-A0C2-52C9CFFA8B6D}.AppStore|iPhone.ActiveCfg = Release|Any CPU
		{67022D99-D1C3-4C74-A0C2-52C9CFFA8B6D}.AppStore|iPhone.Build.0 = Release|Any CPU
		{67022D99-D1C3-4C74-A0C2-52C9CFFA8B6D}.AppStore|iPhone.Deploy.0 = Release|Any CPU
		{67022D99-D1C3-4C74-A0C2-52C9CFFA8B6D}.AppStore|iPhoneSimulator.ActiveCfg = Release|Any CPU
		{67022D99-D1C3-4C74-A0C2-52C9CFFA8B6D}.AppStore|iPhoneSimulator.Build.0 = Release|Any CPU
		{67022D99-D1C3-4C74-A0C2-52C9CFFA8B6D}.AppStore|iPhoneSimulator.Deploy.0 = Release|Any CPU
		{67022D99-D1C3-4C74-A0C2-52C9CFFA8B6D}.AppStore|x64.ActiveCfg = Release|Any CPU
		{67022D99-D1C3-4C74-A0C2-52C9CFFA8B6D}.AppStore|x64.Build.0 = Release|Any CPU
		{67022D99-D1C3-4C74-A0C2-52C9CFFA8B6D}.AppStore|x64.Deploy.0 = Release|Any CPU
		{67022D99-D1C3-4C74-A0C2-52C9CFFA8B6D}.AppStore|x86.ActiveCfg = Release|x86
		{67022D99-D1C3-4C74-A0C2-52C9CFFA8B6D}.AppStore|x86.Build.0 = Release|x86
		{67022D99-D1C3-4C74-A0C2-52C9CFFA8B6D}.AppStore|x86.Deploy.0 = Release|x86
		{67022D99-D1C3-4C74-A0C2-52C9CFFA8B6D}.Debug|Any CPU.ActiveCfg = Debug|Any CPU
		{67022D99-D1C3-4C74-A0C2-52C9CFFA8B6D}.Debug|Any CPU.Build.0 = Debug|Any CPU
		{67022D99-D1C3-4C74-A0C2-52C9CFFA8B6D}.Debug|Any CPU.Deploy.0 = Debug|Any CPU
		{67022D99-D1C3-4C74-A0C2-52C9CFFA8B6D}.Debug|ARM.ActiveCfg = Debug|ARM
		{67022D99-D1C3-4C74-A0C2-52C9CFFA8B6D}.Debug|ARM.Build.0 = Debug|ARM
		{67022D99-D1C3-4C74-A0C2-52C9CFFA8B6D}.Debug|ARM.Deploy.0 = Debug|ARM
		{67022D99-D1C3-4C74-A0C2-52C9CFFA8B6D}.Debug|iPhone.ActiveCfg = Debug|Any CPU
		{67022D99-D1C3-4C74-A0C2-52C9CFFA8B6D}.Debug|iPhone.Build.0 = Debug|Any CPU
		{67022D99-D1C3-4C74-A0C2-52C9CFFA8B6D}.Debug|iPhone.Deploy.0 = Debug|Any CPU
		{67022D99-D1C3-4C74-A0C2-52C9CFFA8B6D}.Debug|iPhoneSimulator.ActiveCfg = Debug|Any CPU
		{67022D99-D1C3-4C74-A0C2-52C9CFFA8B6D}.Debug|iPhoneSimulator.Build.0 = Debug|Any CPU
		{67022D99-D1C3-4C74-A0C2-52C9CFFA8B6D}.Debug|iPhoneSimulator.Deploy.0 = Debug|Any CPU
		{67022D99-D1C3-4C74-A0C2-52C9CFFA8B6D}.Debug|x64.ActiveCfg = Debug|Any CPU
		{67022D99-D1C3-4C74-A0C2-52C9CFFA8B6D}.Debug|x64.Build.0 = Debug|Any CPU
		{67022D99-D1C3-4C74-A0C2-52C9CFFA8B6D}.Debug|x64.Deploy.0 = Debug|Any CPU
		{67022D99-D1C3-4C74-A0C2-52C9CFFA8B6D}.Debug|x86.ActiveCfg = Debug|x86
		{67022D99-D1C3-4C74-A0C2-52C9CFFA8B6D}.Debug|x86.Build.0 = Debug|x86
		{67022D99-D1C3-4C74-A0C2-52C9CFFA8B6D}.Debug|x86.Deploy.0 = Debug|x86
		{67022D99-D1C3-4C74-A0C2-52C9CFFA8B6D}.Release|Any CPU.ActiveCfg = Release|Any CPU
		{67022D99-D1C3-4C74-A0C2-52C9CFFA8B6D}.Release|Any CPU.Build.0 = Release|Any CPU
		{67022D99-D1C3-4C74-A0C2-52C9CFFA8B6D}.Release|Any CPU.Deploy.0 = Release|Any CPU
		{67022D99-D1C3-4C74-A0C2-52C9CFFA8B6D}.Release|ARM.ActiveCfg = Release|ARM
		{67022D99-D1C3-4C74-A0C2-52C9CFFA8B6D}.Release|ARM.Build.0 = Release|ARM
		{67022D99-D1C3-4C74-A0C2-52C9CFFA8B6D}.Release|ARM.Deploy.0 = Release|ARM
		{67022D99-D1C3-4C74-A0C2-52C9CFFA8B6D}.Release|iPhone.ActiveCfg = Release|Any CPU
		{67022D99-D1C3-4C74-A0C2-52C9CFFA8B6D}.Release|iPhone.Build.0 = Release|Any CPU
		{67022D99-D1C3-4C74-A0C2-52C9CFFA8B6D}.Release|iPhone.Deploy.0 = Release|Any CPU
		{67022D99-D1C3-4C74-A0C2-52C9CFFA8B6D}.Release|iPhoneSimulator.ActiveCfg = Release|Any CPU
		{67022D99-D1C3-4C74-A0C2-52C9CFFA8B6D}.Release|iPhoneSimulator.Build.0 = Release|Any CPU
		{67022D99-D1C3-4C74-A0C2-52C9CFFA8B6D}.Release|iPhoneSimulator.Deploy.0 = Release|Any CPU
		{67022D99-D1C3-4C74-A0C2-52C9CFFA8B6D}.Release|x64.ActiveCfg = Release|Any CPU
		{67022D99-D1C3-4C74-A0C2-52C9CFFA8B6D}.Release|x64.Build.0 = Release|Any CPU
		{67022D99-D1C3-4C74-A0C2-52C9CFFA8B6D}.Release|x64.Deploy.0 = Release|Any CPU
		{67022D99-D1C3-4C74-A0C2-52C9CFFA8B6D}.Release|x86.ActiveCfg = Release|x86
		{67022D99-D1C3-4C74-A0C2-52C9CFFA8B6D}.Release|x86.Build.0 = Release|x86
		{67022D99-D1C3-4C74-A0C2-52C9CFFA8B6D}.Release|x86.Deploy.0 = Release|x86
		{FBF07FF9-4E65-45E3-B88A-DDC803F6D7DC}.Ad-Hoc|Any CPU.ActiveCfg = Release|x86
		{FBF07FF9-4E65-45E3-B88A-DDC803F6D7DC}.Ad-Hoc|Any CPU.Build.0 = Release|x86
		{FBF07FF9-4E65-45E3-B88A-DDC803F6D7DC}.Ad-Hoc|Any CPU.Deploy.0 = Release|x86
		{FBF07FF9-4E65-45E3-B88A-DDC803F6D7DC}.Ad-Hoc|ARM.ActiveCfg = Release|ARM
		{FBF07FF9-4E65-45E3-B88A-DDC803F6D7DC}.Ad-Hoc|ARM.Build.0 = Release|ARM
		{FBF07FF9-4E65-45E3-B88A-DDC803F6D7DC}.Ad-Hoc|ARM.Deploy.0 = Release|ARM
		{FBF07FF9-4E65-45E3-B88A-DDC803F6D7DC}.Ad-Hoc|iPhone.ActiveCfg = Release|x86
		{FBF07FF9-4E65-45E3-B88A-DDC803F6D7DC}.Ad-Hoc|iPhone.Build.0 = Release|x86
		{FBF07FF9-4E65-45E3-B88A-DDC803F6D7DC}.Ad-Hoc|iPhone.Deploy.0 = Release|x86
		{FBF07FF9-4E65-45E3-B88A-DDC803F6D7DC}.Ad-Hoc|iPhoneSimulator.ActiveCfg = Release|x86
		{FBF07FF9-4E65-45E3-B88A-DDC803F6D7DC}.Ad-Hoc|iPhoneSimulator.Build.0 = Release|x86
		{FBF07FF9-4E65-45E3-B88A-DDC803F6D7DC}.Ad-Hoc|iPhoneSimulator.Deploy.0 = Release|x86
		{FBF07FF9-4E65-45E3-B88A-DDC803F6D7DC}.Ad-Hoc|x64.ActiveCfg = Release|x64
		{FBF07FF9-4E65-45E3-B88A-DDC803F6D7DC}.Ad-Hoc|x64.Build.0 = Release|x64
		{FBF07FF9-4E65-45E3-B88A-DDC803F6D7DC}.Ad-Hoc|x64.Deploy.0 = Release|x64
		{FBF07FF9-4E65-45E3-B88A-DDC803F6D7DC}.Ad-Hoc|x86.ActiveCfg = Release|x86
		{FBF07FF9-4E65-45E3-B88A-DDC803F6D7DC}.Ad-Hoc|x86.Build.0 = Release|x86
		{FBF07FF9-4E65-45E3-B88A-DDC803F6D7DC}.Ad-Hoc|x86.Deploy.0 = Release|x86
		{FBF07FF9-4E65-45E3-B88A-DDC803F6D7DC}.AppStore|Any CPU.ActiveCfg = Release|x86
		{FBF07FF9-4E65-45E3-B88A-DDC803F6D7DC}.AppStore|Any CPU.Build.0 = Release|x86
		{FBF07FF9-4E65-45E3-B88A-DDC803F6D7DC}.AppStore|Any CPU.Deploy.0 = Release|x86
		{FBF07FF9-4E65-45E3-B88A-DDC803F6D7DC}.AppStore|ARM.ActiveCfg = Release|ARM
		{FBF07FF9-4E65-45E3-B88A-DDC803F6D7DC}.AppStore|ARM.Build.0 = Release|ARM
		{FBF07FF9-4E65-45E3-B88A-DDC803F6D7DC}.AppStore|ARM.Deploy.0 = Release|ARM
		{FBF07FF9-4E65-45E3-B88A-DDC803F6D7DC}.AppStore|iPhone.ActiveCfg = Release|x86
		{FBF07FF9-4E65-45E3-B88A-DDC803F6D7DC}.AppStore|iPhone.Build.0 = Release|x86
		{FBF07FF9-4E65-45E3-B88A-DDC803F6D7DC}.AppStore|iPhone.Deploy.0 = Release|x86
		{FBF07FF9-4E65-45E3-B88A-DDC803F6D7DC}.AppStore|iPhoneSimulator.ActiveCfg = Release|x86
		{FBF07FF9-4E65-45E3-B88A-DDC803F6D7DC}.AppStore|iPhoneSimulator.Build.0 = Release|x86
		{FBF07FF9-4E65-45E3-B88A-DDC803F6D7DC}.AppStore|iPhoneSimulator.Deploy.0 = Release|x86
		{FBF07FF9-4E65-45E3-B88A-DDC803F6D7DC}.AppStore|x64.ActiveCfg = Release|x64
		{FBF07FF9-4E65-45E3-B88A-DDC803F6D7DC}.AppStore|x64.Build.0 = Release|x64
		{FBF07FF9-4E65-45E3-B88A-DDC803F6D7DC}.AppStore|x64.Deploy.0 = Release|x64
		{FBF07FF9-4E65-45E3-B88A-DDC803F6D7DC}.AppStore|x86.ActiveCfg = Release|x86
		{FBF07FF9-4E65-45E3-B88A-DDC803F6D7DC}.AppStore|x86.Build.0 = Release|x86
		{FBF07FF9-4E65-45E3-B88A-DDC803F6D7DC}.AppStore|x86.Deploy.0 = Release|x86
		{FBF07FF9-4E65-45E3-B88A-DDC803F6D7DC}.Debug|Any CPU.ActiveCfg = Debug|x86
		{FBF07FF9-4E65-45E3-B88A-DDC803F6D7DC}.Debug|Any CPU.Build.0 = Debug|x86
		{FBF07FF9-4E65-45E3-B88A-DDC803F6D7DC}.Debug|Any CPU.Deploy.0 = Debug|x86
		{FBF07FF9-4E65-45E3-B88A-DDC803F6D7DC}.Debug|ARM.ActiveCfg = Debug|ARM
		{FBF07FF9-4E65-45E3-B88A-DDC803F6D7DC}.Debug|ARM.Build.0 = Debug|ARM
		{FBF07FF9-4E65-45E3-B88A-DDC803F6D7DC}.Debug|ARM.Deploy.0 = Debug|ARM
		{FBF07FF9-4E65-45E3-B88A-DDC803F6D7DC}.Debug|iPhone.ActiveCfg = Debug|x86
		{FBF07FF9-4E65-45E3-B88A-DDC803F6D7DC}.Debug|iPhoneSimulator.ActiveCfg = Debug|x86
		{FBF07FF9-4E65-45E3-B88A-DDC803F6D7DC}.Debug|x64.ActiveCfg = Debug|x64
		{FBF07FF9-4E65-45E3-B88A-DDC803F6D7DC}.Debug|x64.Build.0 = Debug|x64
		{FBF07FF9-4E65-45E3-B88A-DDC803F6D7DC}.Debug|x64.Deploy.0 = Debug|x64
		{FBF07FF9-4E65-45E3-B88A-DDC803F6D7DC}.Debug|x86.ActiveCfg = Debug|x86
		{FBF07FF9-4E65-45E3-B88A-DDC803F6D7DC}.Debug|x86.Build.0 = Debug|x86
		{FBF07FF9-4E65-45E3-B88A-DDC803F6D7DC}.Debug|x86.Deploy.0 = Debug|x86
		{FBF07FF9-4E65-45E3-B88A-DDC803F6D7DC}.Release|Any CPU.ActiveCfg = Release|x86
		{FBF07FF9-4E65-45E3-B88A-DDC803F6D7DC}.Release|Any CPU.Build.0 = Release|x86
		{FBF07FF9-4E65-45E3-B88A-DDC803F6D7DC}.Release|Any CPU.Deploy.0 = Release|x86
		{FBF07FF9-4E65-45E3-B88A-DDC803F6D7DC}.Release|ARM.ActiveCfg = Release|ARM
		{FBF07FF9-4E65-45E3-B88A-DDC803F6D7DC}.Release|ARM.Build.0 = Release|ARM
		{FBF07FF9-4E65-45E3-B88A-DDC803F6D7DC}.Release|ARM.Deploy.0 = Release|ARM
		{FBF07FF9-4E65-45E3-B88A-DDC803F6D7DC}.Release|iPhone.ActiveCfg = Release|x86
		{FBF07FF9-4E65-45E3-B88A-DDC803F6D7DC}.Release|iPhoneSimulator.ActiveCfg = Release|x86
		{FBF07FF9-4E65-45E3-B88A-DDC803F6D7DC}.Release|x64.ActiveCfg = Release|x64
		{FBF07FF9-4E65-45E3-B88A-DDC803F6D7DC}.Release|x64.Build.0 = Release|x64
		{FBF07FF9-4E65-45E3-B88A-DDC803F6D7DC}.Release|x64.Deploy.0 = Release|x64
		{FBF07FF9-4E65-45E3-B88A-DDC803F6D7DC}.Release|x86.ActiveCfg = Release|x86
		{FBF07FF9-4E65-45E3-B88A-DDC803F6D7DC}.Release|x86.Build.0 = Release|x86
		{FBF07FF9-4E65-45E3-B88A-DDC803F6D7DC}.Release|x86.Deploy.0 = Release|x86
		{4912239C-D774-48FF-92A2-A748D35DBA7B}.Ad-Hoc|Any CPU.ActiveCfg = Release|Any CPU
		{4912239C-D774-48FF-92A2-A748D35DBA7B}.Ad-Hoc|Any CPU.Build.0 = Release|Any CPU
		{4912239C-D774-48FF-92A2-A748D35DBA7B}.Ad-Hoc|Any CPU.Deploy.0 = Release|Any CPU
		{4912239C-D774-48FF-92A2-A748D35DBA7B}.Ad-Hoc|ARM.ActiveCfg = Release|ARM
		{4912239C-D774-48FF-92A2-A748D35DBA7B}.Ad-Hoc|ARM.Build.0 = Release|ARM
		{4912239C-D774-48FF-92A2-A748D35DBA7B}.Ad-Hoc|ARM.Deploy.0 = Release|ARM
		{4912239C-D774-48FF-92A2-A748D35DBA7B}.Ad-Hoc|iPhone.ActiveCfg = Release|Any CPU
		{4912239C-D774-48FF-92A2-A748D35DBA7B}.Ad-Hoc|iPhone.Build.0 = Release|Any CPU
		{4912239C-D774-48FF-92A2-A748D35DBA7B}.Ad-Hoc|iPhone.Deploy.0 = Release|Any CPU
		{4912239C-D774-48FF-92A2-A748D35DBA7B}.Ad-Hoc|iPhoneSimulator.ActiveCfg = Release|Any CPU
		{4912239C-D774-48FF-92A2-A748D35DBA7B}.Ad-Hoc|iPhoneSimulator.Build.0 = Release|Any CPU
		{4912239C-D774-48FF-92A2-A748D35DBA7B}.Ad-Hoc|iPhoneSimulator.Deploy.0 = Release|Any CPU
		{4912239C-D774-48FF-92A2-A748D35DBA7B}.Ad-Hoc|x64.ActiveCfg = Release|x64
		{4912239C-D774-48FF-92A2-A748D35DBA7B}.Ad-Hoc|x64.Build.0 = Release|x64
		{4912239C-D774-48FF-92A2-A748D35DBA7B}.Ad-Hoc|x64.Deploy.0 = Release|x64
		{4912239C-D774-48FF-92A2-A748D35DBA7B}.Ad-Hoc|x86.ActiveCfg = Release|x86
		{4912239C-D774-48FF-92A2-A748D35DBA7B}.Ad-Hoc|x86.Build.0 = Release|x86
		{4912239C-D774-48FF-92A2-A748D35DBA7B}.Ad-Hoc|x86.Deploy.0 = Release|x86
		{4912239C-D774-48FF-92A2-A748D35DBA7B}.AppStore|Any CPU.ActiveCfg = Release|Any CPU
		{4912239C-D774-48FF-92A2-A748D35DBA7B}.AppStore|Any CPU.Build.0 = Release|Any CPU
		{4912239C-D774-48FF-92A2-A748D35DBA7B}.AppStore|Any CPU.Deploy.0 = Release|Any CPU
		{4912239C-D774-48FF-92A2-A748D35DBA7B}.AppStore|ARM.ActiveCfg = Release|ARM
		{4912239C-D774-48FF-92A2-A748D35DBA7B}.AppStore|ARM.Build.0 = Release|ARM
		{4912239C-D774-48FF-92A2-A748D35DBA7B}.AppStore|ARM.Deploy.0 = Release|ARM
		{4912239C-D774-48FF-92A2-A748D35DBA7B}.AppStore|iPhone.ActiveCfg = Release|Any CPU
		{4912239C-D774-48FF-92A2-A748D35DBA7B}.AppStore|iPhone.Build.0 = Release|Any CPU
		{4912239C-D774-48FF-92A2-A748D35DBA7B}.AppStore|iPhone.Deploy.0 = Release|Any CPU
		{4912239C-D774-48FF-92A2-A748D35DBA7B}.AppStore|iPhoneSimulator.ActiveCfg = Release|Any CPU
		{4912239C-D774-48FF-92A2-A748D35DBA7B}.AppStore|iPhoneSimulator.Build.0 = Release|Any CPU
		{4912239C-D774-48FF-92A2-A748D35DBA7B}.AppStore|iPhoneSimulator.Deploy.0 = Release|Any CPU
		{4912239C-D774-48FF-92A2-A748D35DBA7B}.AppStore|x64.ActiveCfg = Release|x64
		{4912239C-D774-48FF-92A2-A748D35DBA7B}.AppStore|x64.Build.0 = Release|x64
		{4912239C-D774-48FF-92A2-A748D35DBA7B}.AppStore|x64.Deploy.0 = Release|x64
		{4912239C-D774-48FF-92A2-A748D35DBA7B}.AppStore|x86.ActiveCfg = Release|x86
		{4912239C-D774-48FF-92A2-A748D35DBA7B}.AppStore|x86.Build.0 = Release|x86
		{4912239C-D774-48FF-92A2-A748D35DBA7B}.AppStore|x86.Deploy.0 = Release|x86
		{4912239C-D774-48FF-92A2-A748D35DBA7B}.Debug|Any CPU.ActiveCfg = Debug|Any CPU
		{4912239C-D774-48FF-92A2-A748D35DBA7B}.Debug|Any CPU.Build.0 = Debug|Any CPU
		{4912239C-D774-48FF-92A2-A748D35DBA7B}.Debug|Any CPU.Deploy.0 = Debug|Any CPU
		{4912239C-D774-48FF-92A2-A748D35DBA7B}.Debug|ARM.ActiveCfg = Debug|ARM
		{4912239C-D774-48FF-92A2-A748D35DBA7B}.Debug|ARM.Build.0 = Debug|ARM
		{4912239C-D774-48FF-92A2-A748D35DBA7B}.Debug|ARM.Deploy.0 = Debug|ARM
		{4912239C-D774-48FF-92A2-A748D35DBA7B}.Debug|iPhone.ActiveCfg = Debug|Any CPU
		{4912239C-D774-48FF-92A2-A748D35DBA7B}.Debug|iPhone.Build.0 = Debug|Any CPU
		{4912239C-D774-48FF-92A2-A748D35DBA7B}.Debug|iPhone.Deploy.0 = Debug|Any CPU
		{4912239C-D774-48FF-92A2-A748D35DBA7B}.Debug|iPhoneSimulator.ActiveCfg = Debug|Any CPU
		{4912239C-D774-48FF-92A2-A748D35DBA7B}.Debug|iPhoneSimulator.Build.0 = Debug|Any CPU
		{4912239C-D774-48FF-92A2-A748D35DBA7B}.Debug|iPhoneSimulator.Deploy.0 = Debug|Any CPU
		{4912239C-D774-48FF-92A2-A748D35DBA7B}.Debug|x64.ActiveCfg = Debug|x64
		{4912239C-D774-48FF-92A2-A748D35DBA7B}.Debug|x64.Build.0 = Debug|x64
		{4912239C-D774-48FF-92A2-A748D35DBA7B}.Debug|x64.Deploy.0 = Debug|x64
		{4912239C-D774-48FF-92A2-A748D35DBA7B}.Debug|x86.ActiveCfg = Debug|x86
		{4912239C-D774-48FF-92A2-A748D35DBA7B}.Debug|x86.Build.0 = Debug|x86
		{4912239C-D774-48FF-92A2-A748D35DBA7B}.Debug|x86.Deploy.0 = Debug|x86
		{4912239C-D774-48FF-92A2-A748D35DBA7B}.Release|Any CPU.ActiveCfg = Release|Any CPU
		{4912239C-D774-48FF-92A2-A748D35DBA7B}.Release|Any CPU.Build.0 = Release|Any CPU
		{4912239C-D774-48FF-92A2-A748D35DBA7B}.Release|Any CPU.Deploy.0 = Release|Any CPU
		{4912239C-D774-48FF-92A2-A748D35DBA7B}.Release|ARM.ActiveCfg = Release|ARM
		{4912239C-D774-48FF-92A2-A748D35DBA7B}.Release|ARM.Build.0 = Release|ARM
		{4912239C-D774-48FF-92A2-A748D35DBA7B}.Release|ARM.Deploy.0 = Release|ARM
		{4912239C-D774-48FF-92A2-A748D35DBA7B}.Release|iPhone.ActiveCfg = Release|Any CPU
		{4912239C-D774-48FF-92A2-A748D35DBA7B}.Release|iPhone.Build.0 = Release|Any CPU
		{4912239C-D774-48FF-92A2-A748D35DBA7B}.Release|iPhone.Deploy.0 = Release|Any CPU
		{4912239C-D774-48FF-92A2-A748D35DBA7B}.Release|iPhoneSimulator.ActiveCfg = Release|Any CPU
		{4912239C-D774-48FF-92A2-A748D35DBA7B}.Release|iPhoneSimulator.Build.0 = Release|Any CPU
		{4912239C-D774-48FF-92A2-A748D35DBA7B}.Release|iPhoneSimulator.Deploy.0 = Release|Any CPU
		{4912239C-D774-48FF-92A2-A748D35DBA7B}.Release|x64.ActiveCfg = Release|x64
		{4912239C-D774-48FF-92A2-A748D35DBA7B}.Release|x64.Build.0 = Release|x64
		{4912239C-D774-48FF-92A2-A748D35DBA7B}.Release|x64.Deploy.0 = Release|x64
		{4912239C-D774-48FF-92A2-A748D35DBA7B}.Release|x86.ActiveCfg = Release|x86
		{4912239C-D774-48FF-92A2-A748D35DBA7B}.Release|x86.Build.0 = Release|x86
		{4912239C-D774-48FF-92A2-A748D35DBA7B}.Release|x86.Deploy.0 = Release|x86
	EndGlobalSection
	GlobalSection(SolutionProperties) = preSolution
		HideSolutionNode = FALSE
	EndGlobalSection
EndGlobal
